
Microsoft Visual Studio Solution File, Format Version 12.00
# Visual Studio Version 17
VisualStudioVersion = 17.0.31903.59
MinimumVisualStudioVersion = 10.0.40219.1
Project("{FAE04EC0-301F-11D3-BF4B-00C04F79EFBC}") = "CustomeDataLabels", "CustomeDataLabels\CustomeDataLabels.csproj", "{BA4DDD7B-41BB-4BC3-A8F3-6AD06AA32854}"
EndProject
Global
	GlobalSection(SolutionConfigurationPlatforms) = preSolution
		Debug|Any CPU = Debug|Any CPU
		Release|Any CPU = Release|Any CPU
	EndGlobalSection
	GlobalSection(ProjectConfigurationPlatforms) = postSolution
		{BA4DDD7B-41BB-4BC3-A8F3-6AD06AA32854}.Debug|Any CPU.ActiveCfg = Debug|Any CPU
		{BA4DDD7B-41BB-4BC3-A8F3-6AD06AA32854}.Debug|Any CPU.Build.0 = Debug|Any CPU
		{BA4DDD7B-41BB-4BC3-A8F3-6AD06AA32854}.Release|Any CPU.ActiveCfg = Release|Any CPU
		{BA4DDD7B-41BB-4BC3-A8F3-6AD06AA32854}.Release|Any CPU.Build.0 = Release|Any CPU
	EndGlobalSection
	GlobalSection(SolutionProperties) = preSolution
		HideSolutionNode = FALSE
	EndGlobalSection
	GlobalSection(ExtensibilityGlobals) = postSolution
		SolutionGuid = {19BD8EA4-EDC5-47A8-BB53-45452A676E45}
	EndGlobalSection
EndGlobal
